
Microsoft Visual Studio Solution File, Format Version 12.00
# Visual Studio Version 16
VisualStudioVersion = 16.0.33920.266
MinimumVisualStudioVersion = 10.0.40219.1
Project("{FAE04EC0-301F-11D3-BF4B-00C04F79EFBC}") = "sitemnet_orn_1", "sitemnet_orn_1\sitemnet_orn_1.csproj", "{1B1018F5-A6D5-408D-8AE4-84D489C4F987}"
EndProject
Global
	GlobalSection(SolutionConfigurationPlatforms) = preSolution
		Debug|Any CPU = Debug|Any CPU
		Release|Any CPU = Release|Any CPU
	EndGlobalSection
	GlobalSection(ProjectConfigurationPlatforms) = postSolution
		{1B1018F5-A6D5-408D-8AE4-84D489C4F987}.Debug|Any CPU.ActiveCfg = Debug|Any CPU
		{1B1018F5-A6D5-408D-8AE4-84D489C4F987}.Debug|Any CPU.Build.0 = Debug|Any CPU
		{1B1018F5-A6D5-408D-8AE4-84D489C4F987}.Release|Any CPU.ActiveCfg = Release|Any CPU
		{1B1018F5-A6D5-408D-8AE4-84D489C4F987}.Release|Any CPU.Build.0 = Release|Any CPU
	EndGlobalSection
	GlobalSection(SolutionProperties) = preSolution
		HideSolutionNode = FALSE
	EndGlobalSection
	GlobalSection(ExtensibilityGlobals) = postSolution
		SolutionGuid = {33E42092-55EC-40B2-8017-24B46FE84FB7}
	EndGlobalSection
EndGlobal
